
Microsoft Visual Studio Solution File, Format Version 12.00
# Visual Studio 15
VisualStudioVersion = 15.0.28307.168
MinimumVisualStudioVersion = 10.0.40219.1
Project("{FAE04EC0-301F-11D3-BF4B-00C04F79EFBC}") = "Chapter02_01", "Chapter02_01\Chapter02_01.csproj", "{FBF8C63B-412D-4982-AD3A-F812D00369E9}"
EndProject
Project("{2150E333-8FDC-42A3-9474-1A3956D46DE8}") = "Chapter02", "Chapter02", "{EB016719-1310-42FF-9F61-DA9591AD474A}"
EndProject
Project("{2150E333-8FDC-42A3-9474-1A3956D46DE8}") = "Chapter01", "Chapter01", "{01FEE16C-1D2E-4A53-B322-7E5F0CEF3DDB}"
EndProject
Project("{FAE04EC0-301F-11D3-BF4B-00C04F79EFBC}") = "Chapter01_04", "Chapter01_04\Chapter01_04.csproj", "{D958174D-5987-4756-A493-CCA730CEF3B3}"
EndProject
Project("{FAE04EC0-301F-11D3-BF4B-00C04F79EFBC}") = "Chapter02_02", "Chapter02_02\Chapter02_02.csproj", "{702F4C1A-28F3-46EC-8DB0-9ED668563878}"
EndProject
Project("{2150E333-8FDC-42A3-9474-1A3956D46DE8}") = "Chapter03", "Chapter03", "{12F8CD8F-8A80-4CBF-8853-418971858349}"
EndProject
Project("{FAE04EC0-301F-11D3-BF4B-00C04F79EFBC}") = "Chapter03_01", "Chapter03_01\Chapter03_01.csproj", "{775A77A3-98DB-43CE-B7D6-75F2755518D7}"
EndProject
Project("{FAE04EC0-301F-11D3-BF4B-00C04F79EFBC}") = "Chapter03_02", "Chapter03_02\Chapter03_02.csproj", "{EF88CC2A-9FEC-4F1E-AA8B-36325144A249}"
EndProject
Project("{FAE04EC0-301F-11D3-BF4B-00C04F79EFBC}") = "Chapter03_04", "Chapter03_04\Chapter03_04.csproj", "{61DFB91A-2F4A-479A-BEB3-984BE5D81025}"
EndProject
Project("{FAE04EC0-301F-11D3-BF4B-00C04F79EFBC}") = "Chapter03_05", "Chapter03_05\Chapter03_05.csproj", "{AB78289E-FBF7-402D-A674-89D768384BD5}"
EndProject
Project("{FAE04EC0-301F-11D3-BF4B-00C04F79EFBC}") = "Chapter03_06", "Chapter03_06\Chapter03_06.csproj", "{A51C1060-BB2E-4DA6-8537-AC89A52F5615}"
EndProject
Global
	GlobalSection(SolutionConfigurationPlatforms) = preSolution
		Debug|Any CPU = Debug|Any CPU
		Release|Any CPU = Release|Any CPU
	EndGlobalSection
	GlobalSection(ProjectConfigurationPlatforms) = postSolution
		{FBF8C63B-412D-4982-AD3A-F812D00369E9}.Debug|Any CPU.ActiveCfg = Debug|Any CPU
		{FBF8C63B-412D-4982-AD3A-F812D00369E9}.Debug|Any CPU.Build.0 = Debug|Any CPU
		{FBF8C63B-412D-4982-AD3A-F812D00369E9}.Release|Any CPU.ActiveCfg = Release|Any CPU
		{FBF8C63B-412D-4982-AD3A-F812D00369E9}.Release|Any CPU.Build.0 = Release|Any CPU
		{D958174D-5987-4756-A493-CCA730CEF3B3}.Debug|Any CPU.ActiveCfg = Debug|Any CPU
		{D958174D-5987-4756-A493-CCA730CEF3B3}.Debug|Any CPU.Build.0 = Debug|Any CPU
		{D958174D-5987-4756-A493-CCA730CEF3B3}.Release|Any CPU.ActiveCfg = Release|Any CPU
		{D958174D-5987-4756-A493-CCA730CEF3B3}.Release|Any CPU.Build.0 = Release|Any CPU
		{702F4C1A-28F3-46EC-8DB0-9ED668563878}.Debug|Any CPU.ActiveCfg = Debug|Any CPU
		{702F4C1A-28F3-46EC-8DB0-9ED668563878}.Debug|Any CPU.Build.0 = Debug|Any CPU
		{702F4C1A-28F3-46EC-8DB0-9ED668563878}.Release|Any CPU.ActiveCfg = Release|Any CPU
		{702F4C1A-28F3-46EC-8DB0-9ED668563878}.Release|Any CPU.Build.0 = Release|Any CPU
		{775A77A3-98DB-43CE-B7D6-75F2755518D7}.Debug|Any CPU.ActiveCfg = Debug|Any CPU
		{775A77A3-98DB-43CE-B7D6-75F2755518D7}.Debug|Any CPU.Build.0 = Debug|Any CPU
		{775A77A3-98DB-43CE-B7D6-75F2755518D7}.Release|Any CPU.ActiveCfg = Release|Any CPU
		{775A77A3-98DB-43CE-B7D6-75F2755518D7}.Release|Any CPU.Build.0 = Release|Any CPU
		{EF88CC2A-9FEC-4F1E-AA8B-36325144A249}.Debug|Any CPU.ActiveCfg = Debug|Any CPU
		{EF88CC2A-9FEC-4F1E-AA8B-36325144A249}.Debug|Any CPU.Build.0 = Debug|Any CPU
		{EF88CC2A-9FEC-4F1E-AA8B-36325144A249}.Release|Any CPU.ActiveCfg = Release|Any CPU
		{EF88CC2A-9FEC-4F1E-AA8B-36325144A249}.Release|Any CPU.Build.0 = Release|Any CPU
		{61DFB91A-2F4A-479A-BEB3-984BE5D81025}.Debug|Any CPU.ActiveCfg = Debug|Any CPU
		{61DFB91A-2F4A-479A-BEB3-984BE5D81025}.Debug|Any CPU.Build.0 = Debug|Any CPU
		{61DFB91A-2F4A-479A-BEB3-984BE5D81025}.Release|Any CPU.ActiveCfg = Release|Any CPU
		{61DFB91A-2F4A-479A-BEB3-984BE5D81025}.Release|Any CPU.Build.0 = Release|Any CPU
		{AB78289E-FBF7-402D-A674-89D768384BD5}.Debug|Any CPU.ActiveCfg = Debug|Any CPU
		{AB78289E-FBF7-402D-A674-89D768384BD5}.Debug|Any CPU.Build.0 = Debug|Any CPU
		{AB78289E-FBF7-402D-A674-89D768384BD5}.Release|Any CPU.ActiveCfg = Release|Any CPU
		{AB78289E-FBF7-402D-A674-89D768384BD5}.Release|Any CPU.Build.0 = Release|Any CPU
		{A51C1060-BB2E-4DA6-8537-AC89A52F5615}.Debug|Any CPU.ActiveCfg = Debug|Any CPU
		{A51C1060-BB2E-4DA6-8537-AC89A52F5615}.Debug|Any CPU.Build.0 = Debug|Any CPU
		{A51C1060-BB2E-4DA6-8537-AC89A52F5615}.Release|Any CPU.ActiveCfg = Release|Any CPU
		{A51C1060-BB2E-4DA6-8537-AC89A52F5615}.Release|Any CPU.Build.0 = Release|Any CPU
	EndGlobalSection
	GlobalSection(SolutionProperties) = preSolution
		HideSolutionNode = FALSE
	EndGlobalSection
	GlobalSection(NestedProjects) = preSolution
		{FBF8C63B-412D-4982-AD3A-F812D00369E9} = {EB016719-1310-42FF-9F61-DA9591AD474A}
		{D958174D-5987-4756-A493-CCA730CEF3B3} = {01FEE16C-1D2E-4A53-B322-7E5F0CEF3DDB}
		{702F4C1A-28F3-46EC-8DB0-9ED668563878} = {EB016719-1310-42FF-9F61-DA9591AD474A}
		{775A77A3-98DB-43CE-B7D6-75F2755518D7} = {12F8CD8F-8A80-4CBF-8853-418971858349}
		{EF88CC2A-9FEC-4F1E-AA8B-36325144A249} = {12F8CD8F-8A80-4CBF-8853-418971858349}
		{61DFB91A-2F4A-479A-BEB3-984BE5D81025} = {12F8CD8F-8A80-4CBF-8853-418971858349}
		{AB78289E-FBF7-402D-A674-89D768384BD5} = {12F8CD8F-8A80-4CBF-8853-418971858349}
		{A51C1060-BB2E-4DA6-8537-AC89A52F5615} = {12F8CD8F-8A80-4CBF-8853-418971858349}
	EndGlobalSection
	GlobalSection(ExtensibilityGlobals) = postSolution
		SolutionGuid = {1CBD8D51-C486-4FC7-B790-C8C55C0159DB}
	EndGlobalSection
EndGlobal
