
Microsoft Visual Studio Solution File, Format Version 12.00
# Visual Studio Version 16
VisualStudioVersion = 16.0.30503.244
MinimumVisualStudioVersion = 10.0.40219.1
Project("{9A19103F-16F7-4668-BE54-9A1E7A4F7556}") = "SimUDuck", "SimUDuck\SimUDuck.csproj", "{0CCAE614-6CE8-43FC-87ED-B915CD3B04A9}"
EndProject
Global
	GlobalSection(SolutionConfigurationPlatforms) = preSolution
		Debug|Any CPU = Debug|Any CPU
		Release|Any CPU = Release|Any CPU
	EndGlobalSection
	GlobalSection(ProjectConfigurationPlatforms) = postSolution
		{0CCAE614-6CE8-43FC-87ED-B915CD3B04A9}.Debug|Any CPU.ActiveCfg = Debug|Any CPU
		{0CCAE614-6CE8-43FC-87ED-B915CD3B04A9}.Debug|Any CPU.Build.0 = Debug|Any CPU
		{0CCAE614-6CE8-43FC-87ED-B915CD3B04A9}.Release|Any CPU.ActiveCfg = Release|Any CPU
		{0CCAE614-6CE8-43FC-87ED-B915CD3B04A9}.Release|Any CPU.Build.0 = Release|Any CPU
	EndGlobalSection
	GlobalSection(SolutionProperties) = preSolution
		HideSolutionNode = FALSE
	EndGlobalSection
	GlobalSection(ExtensibilityGlobals) = postSolution
		SolutionGuid = {F076DAF5-72C3-4319-AE23-53BE45BB9BB1}
	EndGlobalSection
EndGlobal
