
Microsoft Visual Studio Solution File, Format Version 12.00
# Visual Studio Version 16
VisualStudioVersion = 16.0.30503.244
MinimumVisualStudioVersion = 10.0.40219.1
Project("{8BC9CEB8-8B4A-11D0-8D11-00A0C91BC942}") = "Example_03_01", "Example_03_01\Example_03_01.vcxproj", "{C12FDE71-75FA-49FC-B601-53A8159EAEAC}"
EndProject
Project("{8BC9CEB8-8B4A-11D0-8D11-00A0C91BC942}") = "Example_03_02", "Example_03_02\Example_03_02.vcxproj", "{E8B3C87F-A790-4D4F-B54A-8FB973BEC5F5}"
EndProject
Project("{8BC9CEB8-8B4A-11D0-8D11-00A0C91BC942}") = "Example_03_03", "Example_03_03\Example_03_03.vcxproj", "{EF76725F-2B32-444A-8998-B589EB1BF76A}"
EndProject
Project("{8BC9CEB8-8B4A-11D0-8D11-00A0C91BC942}") = "Example_03_04", "Example_03_04\Example_03_04.vcxproj", "{75B381B7-4416-4A46-927B-64960B8304AF}"
EndProject
Project("{8BC9CEB8-8B4A-11D0-8D11-00A0C91BC942}") = "Example_03_05", "Example_03_05\Example_03_05.vcxproj", "{3567980E-C2DD-4388-8CAF-37D14D88E2B3}"
EndProject
Project("{8BC9CEB8-8B4A-11D0-8D11-00A0C91BC942}") = "Example_03_06", "Example_03_06\Example_03_06.vcxproj", "{DCA0E107-836F-4031-B267-493A8FA07FB8}"
EndProject
Project("{8BC9CEB8-8B4A-11D0-8D11-00A0C91BC942}") = "Example_03_07", "Example_03_07\Example_03_07.vcxproj", "{3A294AF9-345F-4762-8E21-EC560A51F7F0}"
EndProject
Project("{8BC9CEB8-8B4A-11D0-8D11-00A0C91BC942}") = "Example_03_08", "Example_03_08\Example_03_08.vcxproj", "{BE10BBD9-C1D0-4A72-A66C-A00A055209C3}"
EndProject
Project("{8BC9CEB8-8B4A-11D0-8D11-00A0C91BC942}") = "Example_03_09", "Example_03_09\Example_03_09.vcxproj", "{A70F4B32-6064-40A7-BA79-11B2BBC0305B}"
EndProject
Project("{8BC9CEB8-8B4A-11D0-8D11-00A0C91BC942}") = "Example_03_10", "Example_03_10\Example_03_10.vcxproj", "{9B183189-C380-478F-B7C8-337C91B674B0}"
EndProject
Project("{8BC9CEB8-8B4A-11D0-8D11-00A0C91BC942}") = "Example_03_11", "Example_03_11\Example_03_11.vcxproj", "{917AEE65-79B5-452B-9938-02D128F971AA}"
EndProject
Project("{8BC9CEB8-8B4A-11D0-8D11-00A0C91BC942}") = "Example_03_12", "Example_03_12\Example_03_12.vcxproj", "{4975E7EB-FAE8-4A18-8B2E-2DC92AC7C080}"
EndProject
Project("{8BC9CEB8-8B4A-11D0-8D11-00A0C91BC942}") = "Example_03_13", "Example_03_13\Example_03_13.vcxproj", "{E41E02AE-6922-421B-AF4B-38DFE8230685}"
EndProject
Project("{8BC9CEB8-8B4A-11D0-8D11-00A0C91BC942}") = "Example_03_14", "Example_03_14\Example_03_14.vcxproj", "{27F6EC5D-AB0E-4C4E-AD32-DEB7AF97C6BA}"
EndProject
Project("{8BC9CEB8-8B4A-11D0-8D11-00A0C91BC942}") = "Example_03_15", "Example_03_15\Example_03_15.vcxproj", "{C3FA8F1C-E0F2-4FDC-93A6-7C3ACA38BF04}"
EndProject
Project("{8BC9CEB8-8B4A-11D0-8D11-00A0C91BC942}") = "Example_03_16", "Example_03_16\Example_03_16.vcxproj", "{D14017E1-3B6E-4C06-A50F-64AADC837151}"
EndProject
Project("{8BC9CEB8-8B4A-11D0-8D11-00A0C91BC942}") = "Example_03_17", "Example_03_17\Example_03_17.vcxproj", "{AB6A45C8-EA2F-4C54-9755-7502E40F0605}"
EndProject
Global
	GlobalSection(SolutionConfigurationPlatforms) = preSolution
		Debug|x64 = Debug|x64
		Debug|x86 = Debug|x86
		Release|x64 = Release|x64
		Release|x86 = Release|x86
	EndGlobalSection
	GlobalSection(ProjectConfigurationPlatforms) = postSolution
		{C12FDE71-75FA-49FC-B601-53A8159EAEAC}.Debug|x64.ActiveCfg = Debug|x64
		{C12FDE71-75FA-49FC-B601-53A8159EAEAC}.Debug|x64.Build.0 = Debug|x64
		{C12FDE71-75FA-49FC-B601-53A8159EAEAC}.Debug|x86.ActiveCfg = Debug|Win32
		{C12FDE71-75FA-49FC-B601-53A8159EAEAC}.Debug|x86.Build.0 = Debug|Win32
		{C12FDE71-75FA-49FC-B601-53A8159EAEAC}.Release|x64.ActiveCfg = Release|x64
		{C12FDE71-75FA-49FC-B601-53A8159EAEAC}.Release|x64.Build.0 = Release|x64
		{C12FDE71-75FA-49FC-B601-53A8159EAEAC}.Release|x86.ActiveCfg = Release|Win32
		{C12FDE71-75FA-49FC-B601-53A8159EAEAC}.Release|x86.Build.0 = Release|Win32
		{E8B3C87F-A790-4D4F-B54A-8FB973BEC5F5}.Debug|x64.ActiveCfg = Debug|x64
		{E8B3C87F-A790-4D4F-B54A-8FB973BEC5F5}.Debug|x64.Build.0 = Debug|x64
		{E8B3C87F-A790-4D4F-B54A-8FB973BEC5F5}.Debug|x86.ActiveCfg = Debug|Win32
		{E8B3C87F-A790-4D4F-B54A-8FB973BEC5F5}.Debug|x86.Build.0 = Debug|Win32
		{E8B3C87F-A790-4D4F-B54A-8FB973BEC5F5}.Release|x64.ActiveCfg = Release|x64
		{E8B3C87F-A790-4D4F-B54A-8FB973BEC5F5}.Release|x64.Build.0 = Release|x64
		{E8B3C87F-A790-4D4F-B54A-8FB973BEC5F5}.Release|x86.ActiveCfg = Release|Win32
		{E8B3C87F-A790-4D4F-B54A-8FB973BEC5F5}.Release|x86.Build.0 = Release|Win32
		{EF76725F-2B32-444A-8998-B589EB1BF76A}.Debug|x64.ActiveCfg = Debug|x64
		{EF76725F-2B32-444A-8998-B589EB1BF76A}.Debug|x64.Build.0 = Debug|x64
		{EF76725F-2B32-444A-8998-B589EB1BF76A}.Debug|x86.ActiveCfg = Debug|Win32
		{EF76725F-2B32-444A-8998-B589EB1BF76A}.Debug|x86.Build.0 = Debug|Win32
		{EF76725F-2B32-444A-8998-B589EB1BF76A}.Release|x64.ActiveCfg = Release|x64
		{EF76725F-2B32-444A-8998-B589EB1BF76A}.Release|x64.Build.0 = Release|x64
		{EF76725F-2B32-444A-8998-B589EB1BF76A}.Release|x86.ActiveCfg = Release|Win32
		{EF76725F-2B32-444A-8998-B589EB1BF76A}.Release|x86.Build.0 = Release|Win32
		{75B381B7-4416-4A46-927B-64960B8304AF}.Debug|x64.ActiveCfg = Debug|x64
		{75B381B7-4416-4A46-927B-64960B8304AF}.Debug|x64.Build.0 = Debug|x64
		{75B381B7-4416-4A46-927B-64960B8304AF}.Debug|x86.ActiveCfg = Debug|Win32
		{75B381B7-4416-4A46-927B-64960B8304AF}.Debug|x86.Build.0 = Debug|Win32
		{75B381B7-4416-4A46-927B-64960B8304AF}.Release|x64.ActiveCfg = Release|x64
		{75B381B7-4416-4A46-927B-64960B8304AF}.Release|x64.Build.0 = Release|x64
		{75B381B7-4416-4A46-927B-64960B8304AF}.Release|x86.ActiveCfg = Release|Win32
		{75B381B7-4416-4A46-927B-64960B8304AF}.Release|x86.Build.0 = Release|Win32
		{3567980E-C2DD-4388-8CAF-37D14D88E2B3}.Debug|x64.ActiveCfg = Debug|x64
		{3567980E-C2DD-4388-8CAF-37D14D88E2B3}.Debug|x64.Build.0 = Debug|x64
		{3567980E-C2DD-4388-8CAF-37D14D88E2B3}.Debug|x86.ActiveCfg = Debug|Win32
		{3567980E-C2DD-4388-8CAF-37D14D88E2B3}.Debug|x86.Build.0 = Debug|Win32
		{3567980E-C2DD-4388-8CAF-37D14D88E2B3}.Release|x64.ActiveCfg = Release|x64
		{3567980E-C2DD-4388-8CAF-37D14D88E2B3}.Release|x64.Build.0 = Release|x64
		{3567980E-C2DD-4388-8CAF-37D14D88E2B3}.Release|x86.ActiveCfg = Release|Win32
		{3567980E-C2DD-4388-8CAF-37D14D88E2B3}.Release|x86.Build.0 = Release|Win32
		{DCA0E107-836F-4031-B267-493A8FA07FB8}.Debug|x64.ActiveCfg = Debug|x64
		{DCA0E107-836F-4031-B267-493A8FA07FB8}.Debug|x64.Build.0 = Debug|x64
		{DCA0E107-836F-4031-B267-493A8FA07FB8}.Debug|x86.ActiveCfg = Debug|Win32
		{DCA0E107-836F-4031-B267-493A8FA07FB8}.Debug|x86.Build.0 = Debug|Win32
		{DCA0E107-836F-4031-B267-493A8FA07FB8}.Release|x64.ActiveCfg = Release|x64
		{DCA0E107-836F-4031-B267-493A8FA07FB8}.Release|x64.Build.0 = Release|x64
		{DCA0E107-836F-4031-B267-493A8FA07FB8}.Release|x86.ActiveCfg = Release|Win32
		{DCA0E107-836F-4031-B267-493A8FA07FB8}.Release|x86.Build.0 = Release|Win32
		{3A294AF9-345F-4762-8E21-EC560A51F7F0}.Debug|x64.ActiveCfg = Debug|x64
		{3A294AF9-345F-4762-8E21-EC560A51F7F0}.Debug|x64.Build.0 = Debug|x64
		{3A294AF9-345F-4762-8E21-EC560A51F7F0}.Debug|x86.ActiveCfg = Debug|Win32
		{3A294AF9-345F-4762-8E21-EC560A51F7F0}.Debug|x86.Build.0 = Debug|Win32
		{3A294AF9-345F-4762-8E21-EC560A51F7F0}.Release|x64.ActiveCfg = Release|x64
		{3A294AF9-345F-4762-8E21-EC560A51F7F0}.Release|x64.Build.0 = Release|x64
		{3A294AF9-345F-4762-8E21-EC560A51F7F0}.Release|x86.ActiveCfg = Release|Win32
		{3A294AF9-345F-4762-8E21-EC560A51F7F0}.Release|x86.Build.0 = Release|Win32
		{BE10BBD9-C1D0-4A72-A66C-A00A055209C3}.Debug|x64.ActiveCfg = Debug|x64
		{BE10BBD9-C1D0-4A72-A66C-A00A055209C3}.Debug|x64.Build.0 = Debug|x64
		{BE10BBD9-C1D0-4A72-A66C-A00A055209C3}.Debug|x86.ActiveCfg = Debug|Win32
		{BE10BBD9-C1D0-4A72-A66C-A00A055209C3}.Debug|x86.Build.0 = Debug|Win32
		{BE10BBD9-C1D0-4A72-A66C-A00A055209C3}.Release|x64.ActiveCfg = Release|x64
		{BE10BBD9-C1D0-4A72-A66C-A00A055209C3}.Release|x64.Build.0 = Release|x64
		{BE10BBD9-C1D0-4A72-A66C-A00A055209C3}.Release|x86.ActiveCfg = Release|Win32
		{BE10BBD9-C1D0-4A72-A66C-A00A055209C3}.Release|x86.Build.0 = Release|Win32
		{A70F4B32-6064-40A7-BA79-11B2BBC0305B}.Debug|x64.ActiveCfg = Debug|x64
		{A70F4B32-6064-40A7-BA79-11B2BBC0305B}.Debug|x64.Build.0 = Debug|x64
		{A70F4B32-6064-40A7-BA79-11B2BBC0305B}.Debug|x86.ActiveCfg = Debug|Win32
		{A70F4B32-6064-40A7-BA79-11B2BBC0305B}.Debug|x86.Build.0 = Debug|Win32
		{A70F4B32-6064-40A7-BA79-11B2BBC0305B}.Release|x64.ActiveCfg = Release|x64
		{A70F4B32-6064-40A7-BA79-11B2BBC0305B}.Release|x64.Build.0 = Release|x64
		{A70F4B32-6064-40A7-BA79-11B2BBC0305B}.Release|x86.ActiveCfg = Release|Win32
		{A70F4B32-6064-40A7-BA79-11B2BBC0305B}.Release|x86.Build.0 = Release|Win32
		{9B183189-C380-478F-B7C8-337C91B674B0}.Debug|x64.ActiveCfg = Debug|x64
		{9B183189-C380-478F-B7C8-337C91B674B0}.Debug|x64.Build.0 = Debug|x64
		{9B183189-C380-478F-B7C8-337C91B674B0}.Debug|x86.ActiveCfg = Debug|Win32
		{9B183189-C380-478F-B7C8-337C91B674B0}.Debug|x86.Build.0 = Debug|Win32
		{9B183189-C380-478F-B7C8-337C91B674B0}.Release|x64.ActiveCfg = Release|x64
		{9B183189-C380-478F-B7C8-337C91B674B0}.Release|x64.Build.0 = Release|x64
		{9B183189-C380-478F-B7C8-337C91B674B0}.Release|x86.ActiveCfg = Release|Win32
		{9B183189-C380-478F-B7C8-337C91B674B0}.Release|x86.Build.0 = Release|Win32
		{917AEE65-79B5-452B-9938-02D128F971AA}.Debug|x64.ActiveCfg = Debug|x64
		{917AEE65-79B5-452B-9938-02D128F971AA}.Debug|x64.Build.0 = Debug|x64
		{917AEE65-79B5-452B-9938-02D128F971AA}.Debug|x86.ActiveCfg = Debug|Win32
		{917AEE65-79B5-452B-9938-02D128F971AA}.Debug|x86.Build.0 = Debug|Win32
		{917AEE65-79B5-452B-9938-02D128F971AA}.Release|x64.ActiveCfg = Release|x64
		{917AEE65-79B5-452B-9938-02D128F971AA}.Release|x64.Build.0 = Release|x64
		{917AEE65-79B5-452B-9938-02D128F971AA}.Release|x86.ActiveCfg = Release|Win32
		{917AEE65-79B5-452B-9938-02D128F971AA}.Release|x86.Build.0 = Release|Win32
		{4975E7EB-FAE8-4A18-8B2E-2DC92AC7C080}.Debug|x64.ActiveCfg = Debug|x64
		{4975E7EB-FAE8-4A18-8B2E-2DC92AC7C080}.Debug|x64.Build.0 = Debug|x64
		{4975E7EB-FAE8-4A18-8B2E-2DC92AC7C080}.Debug|x86.ActiveCfg = Debug|Win32
		{4975E7EB-FAE8-4A18-8B2E-2DC92AC7C080}.Debug|x86.Build.0 = Debug|Win32
		{4975E7EB-FAE8-4A18-8B2E-2DC92AC7C080}.Release|x64.ActiveCfg = Release|x64
		{4975E7EB-FAE8-4A18-8B2E-2DC92AC7C080}.Release|x64.Build.0 = Release|x64
		{4975E7EB-FAE8-4A18-8B2E-2DC92AC7C080}.Release|x86.ActiveCfg = Release|Win32
		{4975E7EB-FAE8-4A18-8B2E-2DC92AC7C080}.Release|x86.Build.0 = Release|Win32
		{E41E02AE-6922-421B-AF4B-38DFE8230685}.Debug|x64.ActiveCfg = Debug|x64
		{E41E02AE-6922-421B-AF4B-38DFE8230685}.Debug|x64.Build.0 = Debug|x64
		{E41E02AE-6922-421B-AF4B-38DFE8230685}.Debug|x86.ActiveCfg = Debug|Win32
		{E41E02AE-6922-421B-AF4B-38DFE8230685}.Debug|x86.Build.0 = Debug|Win32
		{E41E02AE-6922-421B-AF4B-38DFE8230685}.Release|x64.ActiveCfg = Release|x64
		{E41E02AE-6922-421B-AF4B-38DFE8230685}.Release|x64.Build.0 = Release|x64
		{E41E02AE-6922-421B-AF4B-38DFE8230685}.Release|x86.ActiveCfg = Release|Win32
		{E41E02AE-6922-421B-AF4B-38DFE8230685}.Release|x86.Build.0 = Release|Win32
		{27F6EC5D-AB0E-4C4E-AD32-DEB7AF97C6BA}.Debug|x64.ActiveCfg = Debug|x64
		{27F6EC5D-AB0E-4C4E-AD32-DEB7AF97C6BA}.Debug|x64.Build.0 = Debug|x64
		{27F6EC5D-AB0E-4C4E-AD32-DEB7AF97C6BA}.Debug|x86.ActiveCfg = Debug|Win32
		{27F6EC5D-AB0E-4C4E-AD32-DEB7AF97C6BA}.Debug|x86.Build.0 = Debug|Win32
		{27F6EC5D-AB0E-4C4E-AD32-DEB7AF97C6BA}.Release|x64.ActiveCfg = Release|x64
		{27F6EC5D-AB0E-4C4E-AD32-DEB7AF97C6BA}.Release|x64.Build.0 = Release|x64
		{27F6EC5D-AB0E-4C4E-AD32-DEB7AF97C6BA}.Release|x86.ActiveCfg = Release|Win32
		{27F6EC5D-AB0E-4C4E-AD32-DEB7AF97C6BA}.Release|x86.Build.0 = Release|Win32
		{C3FA8F1C-E0F2-4FDC-93A6-7C3ACA38BF04}.Debug|x64.ActiveCfg = Debug|x64
		{C3FA8F1C-E0F2-4FDC-93A6-7C3ACA38BF04}.Debug|x64.Build.0 = Debug|x64
		{C3FA8F1C-E0F2-4FDC-93A6-7C3ACA38BF04}.Debug|x86.ActiveCfg = Debug|Win32
		{C3FA8F1C-E0F2-4FDC-93A6-7C3ACA38BF04}.Debug|x86.Build.0 = Debug|Win32
		{C3FA8F1C-E0F2-4FDC-93A6-7C3ACA38BF04}.Release|x64.ActiveCfg = Release|x64
		{C3FA8F1C-E0F2-4FDC-93A6-7C3ACA38BF04}.Release|x64.Build.0 = Release|x64
		{C3FA8F1C-E0F2-4FDC-93A6-7C3ACA38BF04}.Release|x86.ActiveCfg = Release|Win32
		{C3FA8F1C-E0F2-4FDC-93A6-7C3ACA38BF04}.Release|x86.Build.0 = Release|Win32
		{D14017E1-3B6E-4C06-A50F-64AADC837151}.Debug|x64.ActiveCfg = Debug|x64
		{D14017E1-3B6E-4C06-A50F-64AADC837151}.Debug|x64.Build.0 = Debug|x64
		{D14017E1-3B6E-4C06-A50F-64AADC837151}.Debug|x86.ActiveCfg = Debug|Win32
		{D14017E1-3B6E-4C06-A50F-64AADC837151}.Debug|x86.Build.0 = Debug|Win32
		{D14017E1-3B6E-4C06-A50F-64AADC837151}.Release|x64.ActiveCfg = Release|x64
		{D14017E1-3B6E-4C06-A50F-64AADC837151}.Release|x64.Build.0 = Release|x64
		{D14017E1-3B6E-4C06-A50F-64AADC837151}.Release|x86.ActiveCfg = Release|Win32
		{D14017E1-3B6E-4C06-A50F-64AADC837151}.Release|x86.Build.0 = Release|Win32
		{AB6A45C8-EA2F-4C54-9755-7502E40F0605}.Debug|x64.ActiveCfg = Debug|x64
		{AB6A45C8-EA2F-4C54-9755-7502E40F0605}.Debug|x64.Build.0 = Debug|x64
		{AB6A45C8-EA2F-4C54-9755-7502E40F0605}.Debug|x86.ActiveCfg = Debug|Win32
		{AB6A45C8-EA2F-4C54-9755-7502E40F0605}.Debug|x86.Build.0 = Debug|Win32
		{AB6A45C8-EA2F-4C54-9755-7502E40F0605}.Release|x64.ActiveCfg = Release|x64
		{AB6A45C8-EA2F-4C54-9755-7502E40F0605}.Release|x64.Build.0 = Release|x64
		{AB6A45C8-EA2F-4C54-9755-7502E40F0605}.Release|x86.ActiveCfg = Release|Win32
		{AB6A45C8-EA2F-4C54-9755-7502E40F0605}.Release|x86.Build.0 = Release|Win32
	EndGlobalSection
	GlobalSection(SolutionProperties) = preSolution
		HideSolutionNode = FALSE
	EndGlobalSection
	GlobalSection(ExtensibilityGlobals) = postSolution
		SolutionGuid = {67ABFD04-524C-4153-8BAD-77C02D9A058A}
	EndGlobalSection
EndGlobal
