
Microsoft Visual Studio Solution File, Format Version 12.00
# Visual Studio Version 16
VisualStudioVersion = 16.0.28803.156
MinimumVisualStudioVersion = 10.0.40219.1
Project("{FAE04EC0-301F-11D3-BF4B-00C04F79EFBC}") = "MvcMovie", "MvcMovie\MvcMovie.csproj", "{1166BC17-71C6-434B-BC0F-3ACE772F1FBB}"
EndProject
Global
	GlobalSection(SolutionConfigurationPlatforms) = preSolution
		Debug|Any CPU = Debug|Any CPU
		Release|Any CPU = Release|Any CPU
	EndGlobalSection
	GlobalSection(ProjectConfigurationPlatforms) = postSolution
		{1166BC17-71C6-434B-BC0F-3ACE772F1FBB}.Debug|Any CPU.ActiveCfg = Debug|Any CPU
		{1166BC17-71C6-434B-BC0F-3ACE772F1FBB}.Debug|Any CPU.Build.0 = Debug|Any CPU
		{1166BC17-71C6-434B-BC0F-3ACE772F1FBB}.Release|Any CPU.ActiveCfg = Release|Any CPU
		{1166BC17-71C6-434B-BC0F-3ACE772F1FBB}.Release|Any CPU.Build.0 = Release|Any CPU
	EndGlobalSection
	GlobalSection(SolutionProperties) = preSolution
		HideSolutionNode = FALSE
	EndGlobalSection
	GlobalSection(ExtensibilityGlobals) = postSolution
		SolutionGuid = {F6E04505-24ED-4C1D-8169-3FF825101691}
	EndGlobalSection
EndGlobal
