
Microsoft Visual Studio Solution File, Format Version 12.00
# Visual Studio Version 16
VisualStudioVersion = 16.0.30503.244
MinimumVisualStudioVersion = 10.0.40219.1
Project("{8BC9CEB8-8B4A-11D0-8D11-00A0C91BC942}") = "Example_07_01", "Example_07_01\Example_07_01.vcxproj", "{7F357826-3A17-440E-909F-E38968683F92}"
EndProject
Project("{8BC9CEB8-8B4A-11D0-8D11-00A0C91BC942}") = "Example_07_02", "Example_07_02\Example_07_02.vcxproj", "{61327DD5-A350-41FB-8C31-A21FE5F7E82F}"
EndProject
Project("{8BC9CEB8-8B4A-11D0-8D11-00A0C91BC942}") = "Example_07_03", "Example_07_03\Example_07_03.vcxproj", "{CB282538-12EF-4908-B2FD-9591F28DF9D5}"
EndProject
Project("{8BC9CEB8-8B4A-11D0-8D11-00A0C91BC942}") = "Example_07_04", "Example_07_04\Example_07_04.vcxproj", "{266A82B6-0547-4090-91CE-765663F51445}"
EndProject
Project("{8BC9CEB8-8B4A-11D0-8D11-00A0C91BC942}") = "Example_07_05", "Example_07_05\Example_07_05.vcxproj", "{10C7A716-D8F8-45B5-B027-F5497446FB55}"
EndProject
Project("{8BC9CEB8-8B4A-11D0-8D11-00A0C91BC942}") = "Example_07_06", "Example_07_06\Example_07_06.vcxproj", "{FB9EFEE5-80D2-4B17-A2AE-5437371A1277}"
EndProject
Project("{8BC9CEB8-8B4A-11D0-8D11-00A0C91BC942}") = "Example_07_07", "Example_07_07\Example_07_07.vcxproj", "{57E462E6-2492-4F5A-A515-17C095039114}"
EndProject
Project("{8BC9CEB8-8B4A-11D0-8D11-00A0C91BC942}") = "Example_07_08", "Example_07_08\Example_07_08.vcxproj", "{F73D0D2D-8A20-458E-8722-1F7D7EBF16AF}"
EndProject
Project("{8BC9CEB8-8B4A-11D0-8D11-00A0C91BC942}") = "Example_07_09", "Example_07_09\Example_07_09.vcxproj", "{4A7FDE52-121D-4E41-868B-91D38618F5BC}"
EndProject
Project("{8BC9CEB8-8B4A-11D0-8D11-00A0C91BC942}") = "Example_07_10", "Example_07_10\Example_07_10.vcxproj", "{BD700D95-A200-47BA-8BBC-31453000AB8A}"
EndProject
Project("{8BC9CEB8-8B4A-11D0-8D11-00A0C91BC942}") = "Example_07_11", "Example_07_11\Example_07_11.vcxproj", "{B0E573F8-40DA-4560-B26C-5B2C57EA940E}"
EndProject
Project("{8BC9CEB8-8B4A-11D0-8D11-00A0C91BC942}") = "Example_07_12", "Example_07_12\Example_07_12.vcxproj", "{8B02839B-3E69-4B3E-BF87-B358737D59A6}"
EndProject
Global
	GlobalSection(SolutionConfigurationPlatforms) = preSolution
		Debug|Any CPU = Debug|Any CPU
		Debug|x64 = Debug|x64
		Debug|x86 = Debug|x86
		Release|Any CPU = Release|Any CPU
		Release|x64 = Release|x64
		Release|x86 = Release|x86
	EndGlobalSection
	GlobalSection(ProjectConfigurationPlatforms) = postSolution
		{7F357826-3A17-440E-909F-E38968683F92}.Debug|Any CPU.ActiveCfg = Debug|Win32
		{7F357826-3A17-440E-909F-E38968683F92}.Debug|x64.ActiveCfg = Debug|x64
		{7F357826-3A17-440E-909F-E38968683F92}.Debug|x64.Build.0 = Debug|x64
		{7F357826-3A17-440E-909F-E38968683F92}.Debug|x86.ActiveCfg = Debug|Win32
		{7F357826-3A17-440E-909F-E38968683F92}.Debug|x86.Build.0 = Debug|Win32
		{7F357826-3A17-440E-909F-E38968683F92}.Release|Any CPU.ActiveCfg = Release|Win32
		{7F357826-3A17-440E-909F-E38968683F92}.Release|x64.ActiveCfg = Release|x64
		{7F357826-3A17-440E-909F-E38968683F92}.Release|x64.Build.0 = Release|x64
		{7F357826-3A17-440E-909F-E38968683F92}.Release|x86.ActiveCfg = Release|Win32
		{7F357826-3A17-440E-909F-E38968683F92}.Release|x86.Build.0 = Release|Win32
		{61327DD5-A350-41FB-8C31-A21FE5F7E82F}.Debug|Any CPU.ActiveCfg = Debug|Win32
		{61327DD5-A350-41FB-8C31-A21FE5F7E82F}.Debug|x64.ActiveCfg = Debug|x64
		{61327DD5-A350-41FB-8C31-A21FE5F7E82F}.Debug|x64.Build.0 = Debug|x64
		{61327DD5-A350-41FB-8C31-A21FE5F7E82F}.Debug|x86.ActiveCfg = Debug|Win32
		{61327DD5-A350-41FB-8C31-A21FE5F7E82F}.Debug|x86.Build.0 = Debug|Win32
		{61327DD5-A350-41FB-8C31-A21FE5F7E82F}.Release|Any CPU.ActiveCfg = Release|Win32
		{61327DD5-A350-41FB-8C31-A21FE5F7E82F}.Release|x64.ActiveCfg = Release|x64
		{61327DD5-A350-41FB-8C31-A21FE5F7E82F}.Release|x64.Build.0 = Release|x64
		{61327DD5-A350-41FB-8C31-A21FE5F7E82F}.Release|x86.ActiveCfg = Release|Win32
		{61327DD5-A350-41FB-8C31-A21FE5F7E82F}.Release|x86.Build.0 = Release|Win32
		{CB282538-12EF-4908-B2FD-9591F28DF9D5}.Debug|Any CPU.ActiveCfg = Debug|Win32
		{CB282538-12EF-4908-B2FD-9591F28DF9D5}.Debug|x64.ActiveCfg = Debug|x64
		{CB282538-12EF-4908-B2FD-9591F28DF9D5}.Debug|x64.Build.0 = Debug|x64
		{CB282538-12EF-4908-B2FD-9591F28DF9D5}.Debug|x86.ActiveCfg = Debug|Win32
		{CB282538-12EF-4908-B2FD-9591F28DF9D5}.Debug|x86.Build.0 = Debug|Win32
		{CB282538-12EF-4908-B2FD-9591F28DF9D5}.Release|Any CPU.ActiveCfg = Release|Win32
		{CB282538-12EF-4908-B2FD-9591F28DF9D5}.Release|x64.ActiveCfg = Release|x64
		{CB282538-12EF-4908-B2FD-9591F28DF9D5}.Release|x64.Build.0 = Release|x64
		{CB282538-12EF-4908-B2FD-9591F28DF9D5}.Release|x86.ActiveCfg = Release|Win32
		{CB282538-12EF-4908-B2FD-9591F28DF9D5}.Release|x86.Build.0 = Release|Win32
		{266A82B6-0547-4090-91CE-765663F51445}.Debug|Any CPU.ActiveCfg = Debug|Win32
		{266A82B6-0547-4090-91CE-765663F51445}.Debug|x64.ActiveCfg = Debug|x64
		{266A82B6-0547-4090-91CE-765663F51445}.Debug|x64.Build.0 = Debug|x64
		{266A82B6-0547-4090-91CE-765663F51445}.Debug|x86.ActiveCfg = Debug|Win32
		{266A82B6-0547-4090-91CE-765663F51445}.Debug|x86.Build.0 = Debug|Win32
		{266A82B6-0547-4090-91CE-765663F51445}.Release|Any CPU.ActiveCfg = Release|Win32
		{266A82B6-0547-4090-91CE-765663F51445}.Release|x64.ActiveCfg = Release|x64
		{266A82B6-0547-4090-91CE-765663F51445}.Release|x64.Build.0 = Release|x64
		{266A82B6-0547-4090-91CE-765663F51445}.Release|x86.ActiveCfg = Release|Win32
		{266A82B6-0547-4090-91CE-765663F51445}.Release|x86.Build.0 = Release|Win32
		{10C7A716-D8F8-45B5-B027-F5497446FB55}.Debug|Any CPU.ActiveCfg = Debug|Win32
		{10C7A716-D8F8-45B5-B027-F5497446FB55}.Debug|x64.ActiveCfg = Debug|x64
		{10C7A716-D8F8-45B5-B027-F5497446FB55}.Debug|x64.Build.0 = Debug|x64
		{10C7A716-D8F8-45B5-B027-F5497446FB55}.Debug|x86.ActiveCfg = Debug|Win32
		{10C7A716-D8F8-45B5-B027-F5497446FB55}.Debug|x86.Build.0 = Debug|Win32
		{10C7A716-D8F8-45B5-B027-F5497446FB55}.Release|Any CPU.ActiveCfg = Release|Win32
		{10C7A716-D8F8-45B5-B027-F5497446FB55}.Release|x64.ActiveCfg = Release|x64
		{10C7A716-D8F8-45B5-B027-F5497446FB55}.Release|x64.Build.0 = Release|x64
		{10C7A716-D8F8-45B5-B027-F5497446FB55}.Release|x86.ActiveCfg = Release|Win32
		{10C7A716-D8F8-45B5-B027-F5497446FB55}.Release|x86.Build.0 = Release|Win32
		{FB9EFEE5-80D2-4B17-A2AE-5437371A1277}.Debug|Any CPU.ActiveCfg = Debug|Win32
		{FB9EFEE5-80D2-4B17-A2AE-5437371A1277}.Debug|x64.ActiveCfg = Debug|x64
		{FB9EFEE5-80D2-4B17-A2AE-5437371A1277}.Debug|x64.Build.0 = Debug|x64
		{FB9EFEE5-80D2-4B17-A2AE-5437371A1277}.Debug|x86.ActiveCfg = Debug|Win32
		{FB9EFEE5-80D2-4B17-A2AE-5437371A1277}.Debug|x86.Build.0 = Debug|Win32
		{FB9EFEE5-80D2-4B17-A2AE-5437371A1277}.Release|Any CPU.ActiveCfg = Release|Win32
		{FB9EFEE5-80D2-4B17-A2AE-5437371A1277}.Release|x64.ActiveCfg = Release|x64
		{FB9EFEE5-80D2-4B17-A2AE-5437371A1277}.Release|x64.Build.0 = Release|x64
		{FB9EFEE5-80D2-4B17-A2AE-5437371A1277}.Release|x86.ActiveCfg = Release|Win32
		{FB9EFEE5-80D2-4B17-A2AE-5437371A1277}.Release|x86.Build.0 = Release|Win32
		{57E462E6-2492-4F5A-A515-17C095039114}.Debug|Any CPU.ActiveCfg = Debug|Win32
		{57E462E6-2492-4F5A-A515-17C095039114}.Debug|x64.ActiveCfg = Debug|x64
		{57E462E6-2492-4F5A-A515-17C095039114}.Debug|x64.Build.0 = Debug|x64
		{57E462E6-2492-4F5A-A515-17C095039114}.Debug|x86.ActiveCfg = Debug|Win32
		{57E462E6-2492-4F5A-A515-17C095039114}.Debug|x86.Build.0 = Debug|Win32
		{57E462E6-2492-4F5A-A515-17C095039114}.Release|Any CPU.ActiveCfg = Release|Win32
		{57E462E6-2492-4F5A-A515-17C095039114}.Release|x64.ActiveCfg = Release|x64
		{57E462E6-2492-4F5A-A515-17C095039114}.Release|x64.Build.0 = Release|x64
		{57E462E6-2492-4F5A-A515-17C095039114}.Release|x86.ActiveCfg = Release|Win32
		{57E462E6-2492-4F5A-A515-17C095039114}.Release|x86.Build.0 = Release|Win32
		{F73D0D2D-8A20-458E-8722-1F7D7EBF16AF}.Debug|Any CPU.ActiveCfg = Debug|Win32
		{F73D0D2D-8A20-458E-8722-1F7D7EBF16AF}.Debug|x64.ActiveCfg = Debug|x64
		{F73D0D2D-8A20-458E-8722-1F7D7EBF16AF}.Debug|x64.Build.0 = Debug|x64
		{F73D0D2D-8A20-458E-8722-1F7D7EBF16AF}.Debug|x86.ActiveCfg = Debug|Win32
		{F73D0D2D-8A20-458E-8722-1F7D7EBF16AF}.Debug|x86.Build.0 = Debug|Win32
		{F73D0D2D-8A20-458E-8722-1F7D7EBF16AF}.Release|Any CPU.ActiveCfg = Release|Win32
		{F73D0D2D-8A20-458E-8722-1F7D7EBF16AF}.Release|x64.ActiveCfg = Release|x64
		{F73D0D2D-8A20-458E-8722-1F7D7EBF16AF}.Release|x64.Build.0 = Release|x64
		{F73D0D2D-8A20-458E-8722-1F7D7EBF16AF}.Release|x86.ActiveCfg = Release|Win32
		{F73D0D2D-8A20-458E-8722-1F7D7EBF16AF}.Release|x86.Build.0 = Release|Win32
		{4A7FDE52-121D-4E41-868B-91D38618F5BC}.Debug|Any CPU.ActiveCfg = Debug|Win32
		{4A7FDE52-121D-4E41-868B-91D38618F5BC}.Debug|x64.ActiveCfg = Debug|x64
		{4A7FDE52-121D-4E41-868B-91D38618F5BC}.Debug|x64.Build.0 = Debug|x64
		{4A7FDE52-121D-4E41-868B-91D38618F5BC}.Debug|x86.ActiveCfg = Debug|Win32
		{4A7FDE52-121D-4E41-868B-91D38618F5BC}.Debug|x86.Build.0 = Debug|Win32
		{4A7FDE52-121D-4E41-868B-91D38618F5BC}.Release|Any CPU.ActiveCfg = Release|Win32
		{4A7FDE52-121D-4E41-868B-91D38618F5BC}.Release|x64.ActiveCfg = Release|x64
		{4A7FDE52-121D-4E41-868B-91D38618F5BC}.Release|x64.Build.0 = Release|x64
		{4A7FDE52-121D-4E41-868B-91D38618F5BC}.Release|x86.ActiveCfg = Release|Win32
		{4A7FDE52-121D-4E41-868B-91D38618F5BC}.Release|x86.Build.0 = Release|Win32
		{BD700D95-A200-47BA-8BBC-31453000AB8A}.Debug|Any CPU.ActiveCfg = Debug|Win32
		{BD700D95-A200-47BA-8BBC-31453000AB8A}.Debug|x64.ActiveCfg = Debug|x64
		{BD700D95-A200-47BA-8BBC-31453000AB8A}.Debug|x64.Build.0 = Debug|x64
		{BD700D95-A200-47BA-8BBC-31453000AB8A}.Debug|x86.ActiveCfg = Debug|Win32
		{BD700D95-A200-47BA-8BBC-31453000AB8A}.Debug|x86.Build.0 = Debug|Win32
		{BD700D95-A200-47BA-8BBC-31453000AB8A}.Release|Any CPU.ActiveCfg = Release|Win32
		{BD700D95-A200-47BA-8BBC-31453000AB8A}.Release|x64.ActiveCfg = Release|x64
		{BD700D95-A200-47BA-8BBC-31453000AB8A}.Release|x64.Build.0 = Release|x64
		{BD700D95-A200-47BA-8BBC-31453000AB8A}.Release|x86.ActiveCfg = Release|Win32
		{BD700D95-A200-47BA-8BBC-31453000AB8A}.Release|x86.Build.0 = Release|Win32
		{B0E573F8-40DA-4560-B26C-5B2C57EA940E}.Debug|Any CPU.ActiveCfg = Debug|Win32
		{B0E573F8-40DA-4560-B26C-5B2C57EA940E}.Debug|x64.ActiveCfg = Debug|x64
		{B0E573F8-40DA-4560-B26C-5B2C57EA940E}.Debug|x64.Build.0 = Debug|x64
		{B0E573F8-40DA-4560-B26C-5B2C57EA940E}.Debug|x86.ActiveCfg = Debug|Win32
		{B0E573F8-40DA-4560-B26C-5B2C57EA940E}.Debug|x86.Build.0 = Debug|Win32
		{B0E573F8-40DA-4560-B26C-5B2C57EA940E}.Release|Any CPU.ActiveCfg = Release|Win32
		{B0E573F8-40DA-4560-B26C-5B2C57EA940E}.Release|x64.ActiveCfg = Release|x64
		{B0E573F8-40DA-4560-B26C-5B2C57EA940E}.Release|x64.Build.0 = Release|x64
		{B0E573F8-40DA-4560-B26C-5B2C57EA940E}.Release|x86.ActiveCfg = Release|Win32
		{B0E573F8-40DA-4560-B26C-5B2C57EA940E}.Release|x86.Build.0 = Release|Win32
		{8B02839B-3E69-4B3E-BF87-B358737D59A6}.Debug|Any CPU.ActiveCfg = Debug|Win32
		{8B02839B-3E69-4B3E-BF87-B358737D59A6}.Debug|x64.ActiveCfg = Debug|x64
		{8B02839B-3E69-4B3E-BF87-B358737D59A6}.Debug|x64.Build.0 = Debug|x64
		{8B02839B-3E69-4B3E-BF87-B358737D59A6}.Debug|x86.ActiveCfg = Debug|Win32
		{8B02839B-3E69-4B3E-BF87-B358737D59A6}.Debug|x86.Build.0 = Debug|Win32
		{8B02839B-3E69-4B3E-BF87-B358737D59A6}.Release|Any CPU.ActiveCfg = Release|Win32
		{8B02839B-3E69-4B3E-BF87-B358737D59A6}.Release|x64.ActiveCfg = Release|x64
		{8B02839B-3E69-4B3E-BF87-B358737D59A6}.Release|x64.Build.0 = Release|x64
		{8B02839B-3E69-4B3E-BF87-B358737D59A6}.Release|x86.ActiveCfg = Release|Win32
		{8B02839B-3E69-4B3E-BF87-B358737D59A6}.Release|x86.Build.0 = Release|Win32
	EndGlobalSection
	GlobalSection(SolutionProperties) = preSolution
		HideSolutionNode = FALSE
	EndGlobalSection
	GlobalSection(ExtensibilityGlobals) = postSolution
		SolutionGuid = {9E2C7A61-F345-4F0C-93FD-57D2ACAE0553}
	EndGlobalSection
EndGlobal
