
Microsoft Visual Studio Solution File, Format Version 12.00
# Visual Studio Version 16
VisualStudioVersion = 16.0.30413.136
MinimumVisualStudioVersion = 10.0.40219.1
Project("{8BC9CEB8-8B4A-11D0-8D11-00A0C91BC942}") = "Example_01_01", "Example_01_01\Example_01_01.vcxproj", "{9AA36DCA-970A-4781-A80F-4C3E73D49F7F}"
EndProject
Project("{8BC9CEB8-8B4A-11D0-8D11-00A0C91BC942}") = "Example_01_02", "Example_01_02\Example_01_02.vcxproj", "{BD30EA60-563C-4FBD-B78D-6D8F26937C37}"
EndProject
Project("{8BC9CEB8-8B4A-11D0-8D11-00A0C91BC942}") = "Example_01_03", "Example_01_03\Example_01_03.vcxproj", "{0CC5009C-0197-4426-857C-90A995699B14}"
EndProject
Project("{8BC9CEB8-8B4A-11D0-8D11-00A0C91BC942}") = "Example_01_04", "Example_01_04\Example_01_04.vcxproj", "{8CA46F8A-5649-431E-8FE9-9D729078DF07}"
EndProject
Project("{8BC9CEB8-8B4A-11D0-8D11-00A0C91BC942}") = "Example_01_05", "Example_01_05\Example_01_05.vcxproj", "{64BBCF2B-1BBF-4815-A963-706C624CB0B2}"
EndProject
Project("{8BC9CEB8-8B4A-11D0-8D11-00A0C91BC942}") = "Example_01_06", "Example_01_06\Example_01_06.vcxproj", "{18381707-3902-41D6-8392-75648EFE13B3}"
EndProject
Project("{8BC9CEB8-8B4A-11D0-8D11-00A0C91BC942}") = "Example_01_07", "Example_01_07\Example_01_07.vcxproj", "{05DF992F-EDEA-4445-AE6B-BF45E499BFF9}"
EndProject
Project("{8BC9CEB8-8B4A-11D0-8D11-00A0C91BC942}") = "Example_01_08", "Example_01_08\Example_01_08.vcxproj", "{E53470B0-6727-40BC-9D2F-6B5A19D3EF81}"
EndProject
Project("{8BC9CEB8-8B4A-11D0-8D11-00A0C91BC942}") = "Example_01_09", "Example_01_09\Example_01_09.vcxproj", "{F9A2FE9C-0F0F-4D79-8A6F-861EF5A93A08}"
EndProject
Project("{8BC9CEB8-8B4A-11D0-8D11-00A0C91BC942}") = "Example_01_10", "Example_01_10\Example_01_10.vcxproj", "{7D1214FE-41F9-480F-AB5D-E376C961F8B0}"
EndProject
Project("{8BC9CEB8-8B4A-11D0-8D11-00A0C91BC942}") = "Example_01_11", "Example_01_11\Example_01_11.vcxproj", "{CC65A54E-60DD-4319-9F4B-9492BAC73DD5}"
EndProject
Project("{8BC9CEB8-8B4A-11D0-8D11-00A0C91BC942}") = "Example_01_12", "Example_01_12\Example_01_12.vcxproj", "{B1945B7E-FE6F-495F-A0F6-7C368F090C48}"
EndProject
Project("{8BC9CEB8-8B4A-11D0-8D11-00A0C91BC942}") = "Exercises_04_01", "Exercises_04_01\Exercises_04_01.vcxproj", "{B85C8F25-51BD-4520-B032-305813851541}"
EndProject
Project("{8BC9CEB8-8B4A-11D0-8D11-00A0C91BC942}") = "Exercises_04_02", "Exercises_04_02\Exercises_04_02.vcxproj", "{211AB8EC-54D4-4CA0-AB82-5A78963BD841}"
EndProject
Project("{8BC9CEB8-8B4A-11D0-8D11-00A0C91BC942}") = "Exercises_04_03", "Exercises_04_03\Exercises_04_03.vcxproj", "{CF4F85B9-378B-4CE2-8A46-EA8107577FE3}"
EndProject
Project("{8BC9CEB8-8B4A-11D0-8D11-00A0C91BC942}") = "Exercises_04_04", "Exercises_04_04\Exercises_04_04.vcxproj", "{28493510-7D9C-4A6A-AA1A-DBEC00B3BC36}"
EndProject
Global
	GlobalSection(SolutionConfigurationPlatforms) = preSolution
		Debug|x64 = Debug|x64
		Debug|x86 = Debug|x86
		Release|x64 = Release|x64
		Release|x86 = Release|x86
	EndGlobalSection
	GlobalSection(ProjectConfigurationPlatforms) = postSolution
		{9AA36DCA-970A-4781-A80F-4C3E73D49F7F}.Debug|x64.ActiveCfg = Debug|x64
		{9AA36DCA-970A-4781-A80F-4C3E73D49F7F}.Debug|x64.Build.0 = Debug|x64
		{9AA36DCA-970A-4781-A80F-4C3E73D49F7F}.Debug|x86.ActiveCfg = Debug|Win32
		{9AA36DCA-970A-4781-A80F-4C3E73D49F7F}.Debug|x86.Build.0 = Debug|Win32
		{9AA36DCA-970A-4781-A80F-4C3E73D49F7F}.Release|x64.ActiveCfg = Release|x64
		{9AA36DCA-970A-4781-A80F-4C3E73D49F7F}.Release|x64.Build.0 = Release|x64
		{9AA36DCA-970A-4781-A80F-4C3E73D49F7F}.Release|x86.ActiveCfg = Release|Win32
		{9AA36DCA-970A-4781-A80F-4C3E73D49F7F}.Release|x86.Build.0 = Release|Win32
		{BD30EA60-563C-4FBD-B78D-6D8F26937C37}.Debug|x64.ActiveCfg = Debug|x64
		{BD30EA60-563C-4FBD-B78D-6D8F26937C37}.Debug|x64.Build.0 = Debug|x64
		{BD30EA60-563C-4FBD-B78D-6D8F26937C37}.Debug|x86.ActiveCfg = Debug|Win32
		{BD30EA60-563C-4FBD-B78D-6D8F26937C37}.Debug|x86.Build.0 = Debug|Win32
		{BD30EA60-563C-4FBD-B78D-6D8F26937C37}.Release|x64.ActiveCfg = Release|x64
		{BD30EA60-563C-4FBD-B78D-6D8F26937C37}.Release|x64.Build.0 = Release|x64
		{BD30EA60-563C-4FBD-B78D-6D8F26937C37}.Release|x86.ActiveCfg = Release|Win32
		{BD30EA60-563C-4FBD-B78D-6D8F26937C37}.Release|x86.Build.0 = Release|Win32
		{0CC5009C-0197-4426-857C-90A995699B14}.Debug|x64.ActiveCfg = Debug|x64
		{0CC5009C-0197-4426-857C-90A995699B14}.Debug|x64.Build.0 = Debug|x64
		{0CC5009C-0197-4426-857C-90A995699B14}.Debug|x86.ActiveCfg = Debug|Win32
		{0CC5009C-0197-4426-857C-90A995699B14}.Debug|x86.Build.0 = Debug|Win32
		{0CC5009C-0197-4426-857C-90A995699B14}.Release|x64.ActiveCfg = Release|x64
		{0CC5009C-0197-4426-857C-90A995699B14}.Release|x64.Build.0 = Release|x64
		{0CC5009C-0197-4426-857C-90A995699B14}.Release|x86.ActiveCfg = Release|Win32
		{0CC5009C-0197-4426-857C-90A995699B14}.Release|x86.Build.0 = Release|Win32
		{8CA46F8A-5649-431E-8FE9-9D729078DF07}.Debug|x64.ActiveCfg = Debug|x64
		{8CA46F8A-5649-431E-8FE9-9D729078DF07}.Debug|x64.Build.0 = Debug|x64
		{8CA46F8A-5649-431E-8FE9-9D729078DF07}.Debug|x86.ActiveCfg = Debug|Win32
		{8CA46F8A-5649-431E-8FE9-9D729078DF07}.Debug|x86.Build.0 = Debug|Win32
		{8CA46F8A-5649-431E-8FE9-9D729078DF07}.Release|x64.ActiveCfg = Release|x64
		{8CA46F8A-5649-431E-8FE9-9D729078DF07}.Release|x64.Build.0 = Release|x64
		{8CA46F8A-5649-431E-8FE9-9D729078DF07}.Release|x86.ActiveCfg = Release|Win32
		{8CA46F8A-5649-431E-8FE9-9D729078DF07}.Release|x86.Build.0 = Release|Win32
		{64BBCF2B-1BBF-4815-A963-706C624CB0B2}.Debug|x64.ActiveCfg = Debug|x64
		{64BBCF2B-1BBF-4815-A963-706C624CB0B2}.Debug|x64.Build.0 = Debug|x64
		{64BBCF2B-1BBF-4815-A963-706C624CB0B2}.Debug|x86.ActiveCfg = Debug|Win32
		{64BBCF2B-1BBF-4815-A963-706C624CB0B2}.Debug|x86.Build.0 = Debug|Win32
		{64BBCF2B-1BBF-4815-A963-706C624CB0B2}.Release|x64.ActiveCfg = Release|x64
		{64BBCF2B-1BBF-4815-A963-706C624CB0B2}.Release|x64.Build.0 = Release|x64
		{64BBCF2B-1BBF-4815-A963-706C624CB0B2}.Release|x86.ActiveCfg = Release|Win32
		{64BBCF2B-1BBF-4815-A963-706C624CB0B2}.Release|x86.Build.0 = Release|Win32
		{18381707-3902-41D6-8392-75648EFE13B3}.Debug|x64.ActiveCfg = Debug|x64
		{18381707-3902-41D6-8392-75648EFE13B3}.Debug|x64.Build.0 = Debug|x64
		{18381707-3902-41D6-8392-75648EFE13B3}.Debug|x86.ActiveCfg = Debug|Win32
		{18381707-3902-41D6-8392-75648EFE13B3}.Debug|x86.Build.0 = Debug|Win32
		{18381707-3902-41D6-8392-75648EFE13B3}.Release|x64.ActiveCfg = Release|x64
		{18381707-3902-41D6-8392-75648EFE13B3}.Release|x64.Build.0 = Release|x64
		{18381707-3902-41D6-8392-75648EFE13B3}.Release|x86.ActiveCfg = Release|Win32
		{18381707-3902-41D6-8392-75648EFE13B3}.Release|x86.Build.0 = Release|Win32
		{05DF992F-EDEA-4445-AE6B-BF45E499BFF9}.Debug|x64.ActiveCfg = Debug|x64
		{05DF992F-EDEA-4445-AE6B-BF45E499BFF9}.Debug|x64.Build.0 = Debug|x64
		{05DF992F-EDEA-4445-AE6B-BF45E499BFF9}.Debug|x86.ActiveCfg = Debug|Win32
		{05DF992F-EDEA-4445-AE6B-BF45E499BFF9}.Debug|x86.Build.0 = Debug|Win32
		{05DF992F-EDEA-4445-AE6B-BF45E499BFF9}.Release|x64.ActiveCfg = Release|x64
		{05DF992F-EDEA-4445-AE6B-BF45E499BFF9}.Release|x64.Build.0 = Release|x64
		{05DF992F-EDEA-4445-AE6B-BF45E499BFF9}.Release|x86.ActiveCfg = Release|Win32
		{05DF992F-EDEA-4445-AE6B-BF45E499BFF9}.Release|x86.Build.0 = Release|Win32
		{E53470B0-6727-40BC-9D2F-6B5A19D3EF81}.Debug|x64.ActiveCfg = Debug|x64
		{E53470B0-6727-40BC-9D2F-6B5A19D3EF81}.Debug|x64.Build.0 = Debug|x64
		{E53470B0-6727-40BC-9D2F-6B5A19D3EF81}.Debug|x86.ActiveCfg = Debug|Win32
		{E53470B0-6727-40BC-9D2F-6B5A19D3EF81}.Debug|x86.Build.0 = Debug|Win32
		{E53470B0-6727-40BC-9D2F-6B5A19D3EF81}.Release|x64.ActiveCfg = Release|x64
		{E53470B0-6727-40BC-9D2F-6B5A19D3EF81}.Release|x64.Build.0 = Release|x64
		{E53470B0-6727-40BC-9D2F-6B5A19D3EF81}.Release|x86.ActiveCfg = Release|Win32
		{E53470B0-6727-40BC-9D2F-6B5A19D3EF81}.Release|x86.Build.0 = Release|Win32
		{F9A2FE9C-0F0F-4D79-8A6F-861EF5A93A08}.Debug|x64.ActiveCfg = Debug|x64
		{F9A2FE9C-0F0F-4D79-8A6F-861EF5A93A08}.Debug|x64.Build.0 = Debug|x64
		{F9A2FE9C-0F0F-4D79-8A6F-861EF5A93A08}.Debug|x86.ActiveCfg = Debug|Win32
		{F9A2FE9C-0F0F-4D79-8A6F-861EF5A93A08}.Debug|x86.Build.0 = Debug|Win32
		{F9A2FE9C-0F0F-4D79-8A6F-861EF5A93A08}.Release|x64.ActiveCfg = Release|x64
		{F9A2FE9C-0F0F-4D79-8A6F-861EF5A93A08}.Release|x64.Build.0 = Release|x64
		{F9A2FE9C-0F0F-4D79-8A6F-861EF5A93A08}.Release|x86.ActiveCfg = Release|Win32
		{F9A2FE9C-0F0F-4D79-8A6F-861EF5A93A08}.Release|x86.Build.0 = Release|Win32
		{7D1214FE-41F9-480F-AB5D-E376C961F8B0}.Debug|x64.ActiveCfg = Debug|x64
		{7D1214FE-41F9-480F-AB5D-E376C961F8B0}.Debug|x64.Build.0 = Debug|x64
		{7D1214FE-41F9-480F-AB5D-E376C961F8B0}.Debug|x86.ActiveCfg = Debug|Win32
		{7D1214FE-41F9-480F-AB5D-E376C961F8B0}.Debug|x86.Build.0 = Debug|Win32
		{7D1214FE-41F9-480F-AB5D-E376C961F8B0}.Release|x64.ActiveCfg = Release|x64
		{7D1214FE-41F9-480F-AB5D-E376C961F8B0}.Release|x64.Build.0 = Release|x64
		{7D1214FE-41F9-480F-AB5D-E376C961F8B0}.Release|x86.ActiveCfg = Release|Win32
		{7D1214FE-41F9-480F-AB5D-E376C961F8B0}.Release|x86.Build.0 = Release|Win32
		{CC65A54E-60DD-4319-9F4B-9492BAC73DD5}.Debug|x64.ActiveCfg = Debug|x64
		{CC65A54E-60DD-4319-9F4B-9492BAC73DD5}.Debug|x64.Build.0 = Debug|x64
		{CC65A54E-60DD-4319-9F4B-9492BAC73DD5}.Debug|x86.ActiveCfg = Debug|Win32
		{CC65A54E-60DD-4319-9F4B-9492BAC73DD5}.Debug|x86.Build.0 = Debug|Win32
		{CC65A54E-60DD-4319-9F4B-9492BAC73DD5}.Release|x64.ActiveCfg = Release|x64
		{CC65A54E-60DD-4319-9F4B-9492BAC73DD5}.Release|x64.Build.0 = Release|x64
		{CC65A54E-60DD-4319-9F4B-9492BAC73DD5}.Release|x86.ActiveCfg = Release|Win32
		{CC65A54E-60DD-4319-9F4B-9492BAC73DD5}.Release|x86.Build.0 = Release|Win32
		{B1945B7E-FE6F-495F-A0F6-7C368F090C48}.Debug|x64.ActiveCfg = Debug|x64
		{B1945B7E-FE6F-495F-A0F6-7C368F090C48}.Debug|x64.Build.0 = Debug|x64
		{B1945B7E-FE6F-495F-A0F6-7C368F090C48}.Debug|x86.ActiveCfg = Debug|Win32
		{B1945B7E-FE6F-495F-A0F6-7C368F090C48}.Debug|x86.Build.0 = Debug|Win32
		{B1945B7E-FE6F-495F-A0F6-7C368F090C48}.Release|x64.ActiveCfg = Release|x64
		{B1945B7E-FE6F-495F-A0F6-7C368F090C48}.Release|x64.Build.0 = Release|x64
		{B1945B7E-FE6F-495F-A0F6-7C368F090C48}.Release|x86.ActiveCfg = Release|Win32
		{B1945B7E-FE6F-495F-A0F6-7C368F090C48}.Release|x86.Build.0 = Release|Win32
		{B85C8F25-51BD-4520-B032-305813851541}.Debug|x64.ActiveCfg = Debug|x64
		{B85C8F25-51BD-4520-B032-305813851541}.Debug|x64.Build.0 = Debug|x64
		{B85C8F25-51BD-4520-B032-305813851541}.Debug|x86.ActiveCfg = Debug|Win32
		{B85C8F25-51BD-4520-B032-305813851541}.Debug|x86.Build.0 = Debug|Win32
		{B85C8F25-51BD-4520-B032-305813851541}.Release|x64.ActiveCfg = Release|x64
		{B85C8F25-51BD-4520-B032-305813851541}.Release|x64.Build.0 = Release|x64
		{B85C8F25-51BD-4520-B032-305813851541}.Release|x86.ActiveCfg = Release|Win32
		{B85C8F25-51BD-4520-B032-305813851541}.Release|x86.Build.0 = Release|Win32
		{211AB8EC-54D4-4CA0-AB82-5A78963BD841}.Debug|x64.ActiveCfg = Debug|x64
		{211AB8EC-54D4-4CA0-AB82-5A78963BD841}.Debug|x64.Build.0 = Debug|x64
		{211AB8EC-54D4-4CA0-AB82-5A78963BD841}.Debug|x86.ActiveCfg = Debug|Win32
		{211AB8EC-54D4-4CA0-AB82-5A78963BD841}.Debug|x86.Build.0 = Debug|Win32
		{211AB8EC-54D4-4CA0-AB82-5A78963BD841}.Release|x64.ActiveCfg = Release|x64
		{211AB8EC-54D4-4CA0-AB82-5A78963BD841}.Release|x64.Build.0 = Release|x64
		{211AB8EC-54D4-4CA0-AB82-5A78963BD841}.Release|x86.ActiveCfg = Release|Win32
		{211AB8EC-54D4-4CA0-AB82-5A78963BD841}.Release|x86.Build.0 = Release|Win32
		{CF4F85B9-378B-4CE2-8A46-EA8107577FE3}.Debug|x64.ActiveCfg = Debug|x64
		{CF4F85B9-378B-4CE2-8A46-EA8107577FE3}.Debug|x64.Build.0 = Debug|x64
		{CF4F85B9-378B-4CE2-8A46-EA8107577FE3}.Debug|x86.ActiveCfg = Debug|Win32
		{CF4F85B9-378B-4CE2-8A46-EA8107577FE3}.Debug|x86.Build.0 = Debug|Win32
		{CF4F85B9-378B-4CE2-8A46-EA8107577FE3}.Release|x64.ActiveCfg = Release|x64
		{CF4F85B9-378B-4CE2-8A46-EA8107577FE3}.Release|x64.Build.0 = Release|x64
		{CF4F85B9-378B-4CE2-8A46-EA8107577FE3}.Release|x86.ActiveCfg = Release|Win32
		{CF4F85B9-378B-4CE2-8A46-EA8107577FE3}.Release|x86.Build.0 = Release|Win32
		{28493510-7D9C-4A6A-AA1A-DBEC00B3BC36}.Debug|x64.ActiveCfg = Debug|x64
		{28493510-7D9C-4A6A-AA1A-DBEC00B3BC36}.Debug|x64.Build.0 = Debug|x64
		{28493510-7D9C-4A6A-AA1A-DBEC00B3BC36}.Debug|x86.ActiveCfg = Debug|Win32
		{28493510-7D9C-4A6A-AA1A-DBEC00B3BC36}.Debug|x86.Build.0 = Debug|Win32
		{28493510-7D9C-4A6A-AA1A-DBEC00B3BC36}.Release|x64.ActiveCfg = Release|x64
		{28493510-7D9C-4A6A-AA1A-DBEC00B3BC36}.Release|x64.Build.0 = Release|x64
		{28493510-7D9C-4A6A-AA1A-DBEC00B3BC36}.Release|x86.ActiveCfg = Release|Win32
		{28493510-7D9C-4A6A-AA1A-DBEC00B3BC36}.Release|x86.Build.0 = Release|Win32
	EndGlobalSection
	GlobalSection(SolutionProperties) = preSolution
		HideSolutionNode = FALSE
	EndGlobalSection
	GlobalSection(ExtensibilityGlobals) = postSolution
		SolutionGuid = {B64C6D0B-30D5-459A-A867-DD14754E5AD7}
	EndGlobalSection
EndGlobal
