
Microsoft Visual Studio Solution File, Format Version 12.00
# Visual Studio Version 16
VisualStudioVersion = 16.0.29230.47
MinimumVisualStudioVersion = 10.0.40219.1
Project("{FAE04EC0-301F-11D3-BF4B-00C04F79EFBC}") = "WebApp1", "WebApp1\WebApp1.csproj", "{6472D8EE-0022-4EEE-88EA-A913A5D8B4F9}"
EndProject
Global
	GlobalSection(SolutionConfigurationPlatforms) = preSolution
		Debug|Any CPU = Debug|Any CPU
		Release|Any CPU = Release|Any CPU
	EndGlobalSection
	GlobalSection(ProjectConfigurationPlatforms) = postSolution
		{6472D8EE-0022-4EEE-88EA-A913A5D8B4F9}.Debug|Any CPU.ActiveCfg = Debug|Any CPU
		{6472D8EE-0022-4EEE-88EA-A913A5D8B4F9}.Debug|Any CPU.Build.0 = Debug|Any CPU
		{6472D8EE-0022-4EEE-88EA-A913A5D8B4F9}.Release|Any CPU.ActiveCfg = Release|Any CPU
		{6472D8EE-0022-4EEE-88EA-A913A5D8B4F9}.Release|Any CPU.Build.0 = Release|Any CPU
	EndGlobalSection
	GlobalSection(SolutionProperties) = preSolution
		HideSolutionNode = FALSE
	EndGlobalSection
	GlobalSection(ExtensibilityGlobals) = postSolution
		SolutionGuid = {80D12ED5-BE8D-4ABF-A542-E68C45B3B33D}
	EndGlobalSection
EndGlobal
